// !$*UTF8*$!
{
	archiveVersion = 1;
	classes = {
	};
	objectVersion = 46;
	objects = {

/* Begin PBXBuildFile section */
		9956EF921C85350B0048D87C /* main.m in Sources */ = {isa = PBXBuildFile; fileRef = 9956EF911C85350B0048D87C /* main.m */; };
		9956EF951C85350B0048D87C /* AppDelegate.m in Sources */ = {isa = PBXBuildFile; fileRef = 9956EF941C85350B0048D87C /* AppDelegate.m */; };
		9956EF981C85350B0048D87C /* ViewController.m in Sources */ = {isa = PBXBuildFile; fileRef = 9956EF971C85350B0048D87C /* ViewController.m */; };
		9956EF9B1C85350B0048D87C /* Main.storyboard in Resources */ = {isa = PBXBuildFile; fileRef = 9956EF991C85350B0048D87C /* Main.storyboard */; };
		9956EF9D1C85350B0048D87C /* Assets.xcassets in Resources */ = {isa = PBXBuildFile; fileRef = 9956EF9C1C85350B0048D87C /* Assets.xcassets */; };
		9956EFA01C85350B0048D87C /* LaunchScreen.storyboard in Resources */ = {isa = PBXBuildFile; fileRef = 9956EF9E1C85350B0048D87C /* LaunchScreen.storyboard */; };
		9956EFAB1C85350B0048D87C /* RuntimeDemo1Tests.m in Sources */ = {isa = PBXBuildFile; fileRef = 9956EFAA1C85350B0048D87C /* RuntimeDemo1Tests.m */; };
		9956EFB61C85350B0048D87C /* RuntimeDemo1UITests.m in Sources */ = {isa = PBXBuildFile; fileRef = 9956EFB51C85350B0048D87C /* RuntimeDemo1UITests.m */; };
		9956EFC51C8535930048D87C /* UILabel+UILableFont.m in Sources */ = {isa = PBXBuildFile; fileRef = 9956EFC41C8535930048D87C /* UILabel+UILableFont.m */; };
/* End PBXBuildFile section */

/* Begin PBXContainerItemProxy section */
		9956EFA71C85350B0048D87C /* PBXContainerItemProxy */ = {
			isa = PBXContainerItemProxy;
			containerPortal = 9956EF851C85350B0048D87C /* Project object */;
			proxyType = 1;
			remoteGlobalIDString = 9956EF8C1C85350B0048D87C;
			remoteInfo = RuntimeDemo1;
		};
		9956EFB21C85350B0048D87C /* PBXContainerItemProxy */ = {
			isa = PBXContainerItemProxy;
			containerPortal = 9956EF851C85350B0048D87C /* Project object */;
			proxyType = 1;
			remoteGlobalIDString = 9956EF8C1C85350B0048D87C;
			remoteInfo = RuntimeDemo1;
		};
/* End PBXContainerItemProxy section */

/* Begin PBXFileReference section */
		9956EF8D1C85350B0048D87C /* RuntimeDemo1.app */ = {isa = PBXFileReference; explicitFileType = wrapper.application; includeInIndex = 0; path = RuntimeDemo1.app; sourceTree = BUILT_PRODUCTS_DIR; };
		9956EF911C85350B0048D87C /* main.m */ = {isa = PBXFileReference; lastKnownFileType = sourcecode.c.objc; path = main.m; sourceTree = "<group>"; };
		9956EF931C85350B0048D87C /* AppDelegate.h */ = {isa = PBXFileReference; lastKnownFileType = sourcecode.c.h; path = AppDelegate.h; sourceTree = "<group>"; };
		9956EF941C85350B0048D87C /* AppDelegate.m */ = {isa = PBXFileReference; lastKnownFileType = sourcecode.c.objc; path = AppDelegate.m; sourceTree = "<group>"; };
		9956EF961C85350B0048D87C /* ViewController.h */ = {isa = PBXFileReference; lastKnownFileType = sourcecode.c.h; path = ViewController.h; sourceTree = "<group>"; };
		9956EF971C85350B0048D87C /* ViewController.m */ = {isa = PBXFileReference; lastKnownFileType = sourcecode.c.objc; path = ViewController.m; sourceTree = "<group>"; };
		9956EF9A1C85350B0048D87C /* Base */ = {isa = PBXFileReference; lastKnownFileType = file.storyboard; name = Base; path = Base.lproj/Main.storyboard; sourceTree = "<group>"; };
		9956EF9C1C85350B0048D87C /* Assets.xcassets */ = {isa = PBXFileReference; lastKnownFileType = folder.assetcatalog; path = Assets.xcassets; sourceTree = "<group>"; };
		9956EF9F1C85350B0048D87C /* Base */ = {isa = PBXFileReference; lastKnownFileType = file.storyboard; name = Base; path = Base.lproj/LaunchScreen.storyboard; sourceTree = "<group>"; };
		9956EFA11C85350B0048D87C /* Info.plist */ = {isa = PBXFileReference; lastKnownFileType = text.plist.xml; path = Info.plist; sourceTree = "<group>"; };
		9956EFA61C85350B0048D87C /* RuntimeDemo1Tests.xctest */ = {isa = PBXFileReference; explicitFileType = wrapper.cfbundle; includeInIndex = 0; path = RuntimeDemo1Tests.xctest; sourceTree = BUILT_PRODUCTS_DIR; };
		9956EFAA1C85350B0048D87C /* RuntimeDemo1Tests.m */ = {isa = PBXFileReference; lastKnownFileType = sourcecode.c.objc; path = RuntimeDemo1Tests.m; sourceTree = "<group>"; };
		9956EFAC1C85350B0048D87C /* Info.plist */ = {isa = PBXFileReference; lastKnownFileType = text.plist.xml; path = Info.plist; sourceTree = "<group>"; };
		9956EFB11C85350B0048D87C /* RuntimeDemo1UITests.xctest */ = {isa = PBXFileReference; explicitFileType = wrapper.cfbundle; includeInIndex = 0; path = RuntimeDemo1UITests.xctest; sourceTree = BUILT_PRODUCTS_DIR; };
		9956EFB51C85350B0048D87C /* RuntimeDemo1UITests.m */ = {isa = PBXFileReference; lastKnownFileType = sourcecode.c.objc; path = RuntimeDemo1UITests.m; sourceTree = "<group>"; };
		9956EFB71C85350B0048D87C /* Info.plist */ = {isa = PBXFileReference; lastKnownFileType = text.plist.xml; path = Info.plist; sourceTree = "<group>"; };
		9956EFC31C8535930048D87C /* UILabel+UILableFont.h */ = {isa = PBXFileReference; fileEncoding = 4; lastKnownFileType = sourcecode.c.h; path = "UILabel+UILableFont.h"; sourceTree = "<group>"; };
		9956EFC41C8535930048D87C /* UILabel+UILableFont.m */ = {isa = PBXFileReference; fileEncoding = 4; lastKnownFileType = sourcecode.c.objc; path = "UILabel+UILableFont.m"; sourceTree = "<group>"; };
/* End PBXFileReference section */

/* Begin PBXFrameworksBuildPhase section */
		9956EF8A1C85350B0048D87C /* Frameworks */ = {
			isa = PBXFrameworksBuildPhase;
			buildActionMask = 2147483647;
			files = (
			);
			runOnlyForDeploymentPostprocessing = 0;
		};
		9956EFA31C85350B0048D87C /* Frameworks */ = {
			isa = PBXFrameworksBuildPhase;
			buildActionMask = 2147483647;
			files = (
			);
			runOnlyForDeploymentPostprocessing = 0;
		};
		9956EFAE1C85350B0048D87C /* Frameworks */ = {
			isa = PBXFrameworksBuildPhase;
			buildActionMask = 2147483647;
			files = (
			);
			runOnlyForDeploymentPostprocessing = 0;
		};
/* End PBXFrameworksBuildPhase section */

/* Begin PBXGroup section */
		9956EF841C85350B0048D87C = {
			isa = PBXGroup;
			children = (
				9956EF8F1C85350B0048D87C /* RuntimeDemo1 */,
				9956EFA91C85350B0048D87C /* RuntimeDemo1Tests */,
				9956EFB41C85350B0048D87C /* RuntimeDemo1UITests */,
				9956EF8E1C85350B0048D87C /* Products */,
			);
			sourceTree = "<group>";
		};
		9956EF8E1C85350B0048D87C /* Products */ = {
			isa = PBXGroup;
			children = (
				9956EF8D1C85350B0048D87C /* RuntimeDemo1.app */,
				9956EFA61C85350B0048D87C /* RuntimeDemo1Tests.xctest */,
				9956EFB11C85350B0048D87C /* RuntimeDemo1UITests.xctest */,
			);
			name = Products;
			sourceTree = "<group>";
		};
		9956EF8F1C85350B0048D87C /* RuntimeDemo1 */ = {
			isa = PBXGroup;
			children = (
				9956EF931C85350B0048D87C /* AppDelegate.h */,
				9956EF941C85350B0048D87C /* AppDelegate.m */,
				9956EF961C85350B0048D87C /* ViewController.h */,
				9956EF971C85350B0048D87C /* ViewController.m */,
				9956EF991C85350B0048D87C /* Main.storyboard */,
				9956EF9C1C85350B0048D87C /* Assets.xcassets */,
				9956EF9E1C85350B0048D87C /* LaunchScreen.storyboard */,
				9956EFA11C85350B0048D87C /* Info.plist */,
				9956EF901C85350B0048D87C /* Supporting Files */,
				9956EFC31C8535930048D87C /* UILabel+UILableFont.h */,
				9956EFC41C8535930048D87C /* UILabel+UILableFont.m */,
			);
			path = RuntimeDemo1;
			sourceTree = "<group>";
		};
		9956EF901C85350B0048D87C /* Supporting Files */ = {
			isa = PBXGroup;
			children = (
				9956EF911C85350B0048D87C /* main.m */,
			);
			name = "Supporting Files";
			sourceTree = "<group>";
		};
		9956EFA91C85350B0048D87C /* RuntimeDemo1Tests */ = {
			isa = PBXGroup;
			children = (
				9956EFAA1C85350B0048D87C /* RuntimeDemo1Tests.m */,
				9956EFAC1C85350B0048D87C /* Info.plist */,
			);
			path = RuntimeDemo1Tests;
			sourceTree = "<group>";
		};
		9956EFB41C85350B0048D87C /* RuntimeDemo1UITests */ = {
			isa = PBXGroup;
			children = (
				9956EFB51C85350B0048D87C /* RuntimeDemo1UITests.m */,
				9956EFB71C85350B0048D87C /* Info.plist */,
			);
			path = RuntimeDemo1UITests;
			sourceTree = "<group>";
		};
/* End PBXGroup section */

/* Begin PBXNativeTarget section */
		9956EF8C1C85350B0048D87C /* RuntimeDemo1 */ = {
			isa = PBXNativeTarget;
			buildConfigurationList = 9956EFBA1C85350B0048D87C /* Build configuration list for PBXNativeTarget "RuntimeDemo1" */;
			buildPhases = (
				9956EF891C85350B0048D87C /* Sources */,
				9956EF8A1C85350B0048D87C /* Frameworks */,
				9956EF8B1C85350B0048D87C /* Resources */,
			);
			buildRules = (
			);
			dependencies = (
			);
			name = RuntimeDemo1;
			productName = RuntimeDemo1;
			productReference = 9956EF8D1C85350B0048D87C /* RuntimeDemo1.app */;
			productType = "com.apple.product-type.application";
		};
		9956EFA51C85350B0048D87C /* RuntimeDemo1Tests */ = {
			isa = PBXNativeTarget;
			buildConfigurationList = 9956EFBD1C85350B0048D87C /* Build configuration list for PBXNativeTarget "RuntimeDemo1Tests" */;
			buildPhases = (
				9956EFA21C85350B0048D87C /* Sources */,
				9956EFA31C85350B0048D87C /* Frameworks */,
				9956EFA41C85350B0048D87C /* Resources */,
			);
			buildRules = (
			);
			dependencies = (
				9956EFA81C85350B0048D87C /* PBXTargetDependency */,
			);
			name = RuntimeDemo1Tests;
			productName = RuntimeDemo1Tests;
			productReference = 9956EFA61C85350B0048D87C /* RuntimeDemo1Tests.xctest */;
			productType = "com.apple.product-type.bundle.unit-test";
		};
		9956EFB01C85350B0048D87C /* RuntimeDemo1UITests */ = {
			isa = PBXNativeTarget;
			buildConfigurationList = 9956EFC01C85350B0048D87C /* Build configuration list for PBXNativeTarget "RuntimeDemo1UITests" */;
			buildPhases = (
				9956EFAD1C85350B0048D87C /* Sources */,
				9956EFAE1C85350B0048D87C /* Frameworks */,
				9956EFAF1C85350B0048D87C /* Resources */,
			);
			buildRules = (
			);
			dependencies = (
				9956EFB31C85350B0048D87C /* PBXTargetDependency */,
			);
			name = RuntimeDemo1UITests;
			productName = RuntimeDemo1UITests;
			productReference = 9956EFB11C85350B0048D87C /* RuntimeDemo1UITests.xctest */;
			productType = "com.apple.product-type.bundle.ui-testing";
		};
/* End PBXNativeTarget section */

/* Begin PBXProject section */
		9956EF851C85350B0048D87C /* Project object */ = {
			isa = PBXProject;
			attributes = {
				LastUpgradeCheck = 0720;
				ORGANIZATIONNAME = YM;
				TargetAttributes = {
					9956EF8C1C85350B0048D87C = {
						CreatedOnToolsVersion = 7.2;
					};
					9956EFA51C85350B0048D87C = {
						CreatedOnToolsVersion = 7.2;
						TestTargetID = 9956EF8C1C85350B0048D87C;
					};
					9956EFB01C85350B0048D87C = {
						CreatedOnToolsVersion = 7.2;
						TestTargetID = 9956EF8C1C85350B0048D87C;
					};
				};
			};
			buildConfigurationList = 9956EF881C85350B0048D87C /* Build configuration list for PBXProject "RuntimeDemo1" */;
			compatibilityVersion = "Xcode 3.2";
			developmentRegion = English;
			hasScannedForEncodings = 0;
			knownRegions = (
				en,
				Base,
			);
			mainGroup = 9956EF841C85350B0048D87C;
			productRefGroup = 9956EF8E1C85350B0048D87C /* Products */;
			projectDirPath = "";
			projectRoot = "";
			targets = (
				9956EF8C1C85350B0048D87C /* RuntimeDemo1 */,
				9956EFA51C85350B0048D87C /* RuntimeDemo1Tests */,
				9956EFB01C85350B0048D87C /* RuntimeDemo1UITests */,
			);
		};
/* End PBXProject section */

/* Begin PBXResourcesBuildPhase section */
		9956EF8B1C85350B0048D87C /* Resources */ = {
			isa = PBXResourcesBuildPhase;
			buildActionMask = 2147483647;
			files = (
				9956EFA01C85350B0048D87C /* LaunchScreen.storyboard in Resources */,
				9956EF9D1C85350B0048D87C /* Assets.xcassets in Resources */,
				9956EF9B1C85350B0048D87C /* Main.storyboard in Resources */,
			);
			runOnlyForDeploymentPostprocessing = 0;
		};
		9956EFA41C85350B0048D87C /* Resources */ = {
			isa = PBXResourcesBuildPhase;
			buildActionMask = 2147483647;
			files = (
			);
			runOnlyForDeploymentPostprocessing = 0;
		};
		9956EFAF1C85350B0048D87C /* Resources */ = {
			isa = PBXResourcesBuildPhase;
			buildActionMask = 2147483647;
			files = (
			);
			runOnlyForDeploymentPostprocessing = 0;
		};
/* End PBXResourcesBuildPhase section */

/* Begin PBXSourcesBuildPhase section */
		9956EF891C85350B0048D87C /* Sources */ = {
			isa = PBXSourcesBuildPhase;
			buildActionMask = 2147483647;
			files = (
				9956EF981C85350B0048D87C /* ViewController.m in Sources */,
				9956EF951C85350B0048D87C /* AppDelegate.m in Sources */,
				9956EFC51C8535930048D87C /* UILabel+UILableFont.m in Sources */,
				9956EF921C85350B0048D87C /* main.m in Sources */,
			);
			runOnlyForDeploymentPostprocessing = 0;
		};
		9956EFA21C85350B0048D87C /* Sources */ = {
			isa = PBXSourcesBuildPhase;
			buildActionMask = 2147483647;
			files = (
				9956EFAB1C85350B0048D87C /* RuntimeDemo1Tests.m in Sources */,
			);
			runOnlyForDeploymentPostprocessing = 0;
		};
		9956EFAD1C85350B0048D87C /* Sources */ = {
			isa = PBXSourcesBuildPhase;
			buildActionMask = 2147483647;
			files = (
				9956EFB61C85350B0048D87C /* RuntimeDemo1UITests.m in Sources */,
			);
			runOnlyForDeploymentPostprocessing = 0;
		};
/* End PBXSourcesBuildPhase section */

/* Begin PBXTargetDependency section */
		9956EFA81C85350B0048D87C /* PBXTargetDependency */ = {
			isa = PBXTargetDependency;
			target = 9956EF8C1C85350B0048D87C /* RuntimeDemo1 */;
			targetProxy = 9956EFA71C85350B0048D87C /* PBXContainerItemProxy */;
		};
		9956EFB31C85350B0048D87C /* PBXTargetDependency */ = {
			isa = PBXTargetDependency;
			target = 9956EF8C1C85350B0048D87C /* RuntimeDemo1 */;
			targetProxy = 9956EFB21C85350B0048D87C /* PBXContainerItemProxy */;
		};
/* End PBXTargetDependency section */

/* Begin PBXVariantGroup section */
		9956EF991C85350B0048D87C /* Main.storyboard */ = {
			isa = PBXVariantGroup;
			children = (
				9956EF9A1C85350B0048D87C /* Base */,
			);
			name = Main.storyboard;
			sourceTree = "<group>";
		};
		9956EF9E1C85350B0048D87C /* LaunchScreen.storyboard */ = {
			isa = PBXVariantGroup;
			children = (
				9956EF9F1C85350B0048D87C /* Base */,
			);
			name = LaunchScreen.storyboard;
			sourceTree = "<group>";
		};
/* End PBXVariantGroup section */

/* Begin XCBuildConfiguration section */
		9956EFB81C85350B0048D87C /* Debug */ = {
			isa = XCBuildConfiguration;
			buildSettings = {
				ALWAYS_SEARCH_USER_PATHS = NO;
				CLANG_CXX_LANGUAGE_STANDARD = "gnu++0x";
				CLANG_CXX_LIBRARY = "libc++";
				CLANG_ENABLE_MODULES = YES;
				CLANG_ENABLE_OBJC_ARC = YES;
				CLANG_WARN_BOOL_CONVERSION = YES;
				CLANG_WARN_CONSTANT_CONVERSION = YES;
				CLANG_WARN_DIRECT_OBJC_ISA_USAGE = YES_ERROR;
				CLANG_WARN_EMPTY_BODY = YES;
				CLANG_WARN_ENUM_CONVERSION = YES;
				CLANG_WARN_INT_CONVERSION = YES;
				CLANG_WARN_OBJC_ROOT_CLASS = YES_ERROR;
				CLANG_WARN_UNREACHABLE_CODE = YES;
				CLANG_WARN__DUPLICATE_METHOD_MATCH = YES;
				"CODE_SIGN_IDENTITY[sdk=iphoneos*]" = "iPhone Developer";
				COPY_PHASE_STRIP = NO;
				DEBUG_INFORMATION_FORMAT = dwarf;
				ENABLE_STRICT_OBJC_MSGSEND = YES;
				ENABLE_TESTABILITY = YES;
				GCC_C_LANGUAGE_STANDARD = gnu99;
				GCC_DYNAMIC_NO_PIC = NO;
				GCC_NO_COMMON_BLOCKS = YES;
				GCC_OPTIMIZATION_LEVEL = 0;
				GCC_PREPROCESSOR_DEFINITIONS = (
					"DEBUG=1",
					"$(inherited)",
				);
				GCC_WARN_64_TO_32_BIT_CONVERSION = YES;
				GCC_WARN_ABOUT_RETURN_TYPE = YES_ERROR;
				GCC_WARN_UNDECLARED_SELECTOR = YES;
				GCC_WARN_UNINITIALIZED_AUTOS = YES_AGGRESSIVE;
				GCC_WARN_UNUSED_FUNCTION = YES;
				GCC_WARN_UNUSED_VARIABLE = YES;
				IPHONEOS_DEPLOYMENT_TARGET = 9.2;
				MTL_ENABLE_DEBUG_INFO = YES;
				ONLY_ACTIVE_ARCH = YES;
				SDKROOT = iphoneos;
				TARGETED_DEVICE_FAMILY = "1,2";
			};
			name = Debug;
		};
		9956EFB91C85350B0048D87C /* Release */ = {
			isa = XCBuildConfiguration;
			buildSettings = {
				ALWAYS_SEARCH_USER_PATHS = NO;
				CLANG_CXX_LANGUAGE_STANDARD = "gnu++0x";
				CLANG_CXX_LIBRARY = "libc++";
				CLANG_ENABLE_MODULES = YES;
				CLANG_ENABLE_OBJC_ARC = YES;
				CLANG_WARN_BOOL_CONVERSION = YES;
				CLANG_WARN_CONSTANT_CONVERSION = YES;
				CLANG_WARN_DIRECT_OBJC_ISA_USAGE = YES_ERROR;
				CLANG_WARN_EMPTY_BODY = YES;
				CLANG_WARN_ENUM_CONVERSION = YES;
				CLANG_WARN_INT_CONVERSION = YES;
				CLANG_WARN_OBJC_ROOT_CLASS = YES_ERROR;
				CLANG_WARN_UNREACHABLE_CODE = YES;
				CLANG_WARN__DUPLICATE_METHOD_MATCH = YES;
				"CODE_SIGN_IDENTITY[sdk=iphoneos*]" = "iPhone Developer";
				COPY_PHASE_STRIP = NO;
				DEBUG_INFORMATION_FORMAT = "dwarf-with-dsym";
				ENABLE_NS_ASSERTIONS = NO;
				ENABLE_STRICT_OBJC_MSGSEND = YES;
				GCC_C_LANGUAGE_STANDARD = gnu99;
				GCC_NO_COMMON_BLOCKS = YES;
				GCC_WARN_64_TO_32_BIT_CONVERSION = YES;
				GCC_WARN_ABOUT_RETURN_TYPE = YES_ERROR;
				GCC_WARN_UNDECLARED_SELECTOR = YES;
				GCC_WARN_UNINITIALIZED_AUTOS = YES_AGGRESSIVE;
				GCC_WARN_UNUSED_FUNCTION = YES;
				GCC_WARN_UNUSED_VARIABLE = YES;
				IPHONEOS_DEPLOYMENT_TARGET = 9.2;
				MTL_ENABLE_DEBUG_INFO = NO;
				SDKROOT = iphoneos;
				TARGETED_DEVICE_FAMILY = "1,2";
				VALIDATE_PRODUCT = YES;
			};
			name = Release;
		};
		9956EFBB1C85350B0048D87C /* Debug */ = {
			isa = XCBuildConfiguration;
			buildSettings = {
				ASSETCATALOG_COMPILER_APPICON_NAME = AppIcon;
				INFOPLIST_FILE = RuntimeDemo1/Info.plist;
				LD_RUNPATH_SEARCH_PATHS = "$(inherited) @executable_path/Frameworks";
				PRODUCT_BUNDLE_IDENTIFIER = com.1yd.RuntimeDemo1;
				PRODUCT_NAME = "$(TARGET_NAME)";
			};
			name = Debug;
		};
		9956EFBC1C85350B0048D87C /* Release */ = {
			isa = XCBuildConfiguration;
			buildSettings = {
				ASSETCATALOG_COMPILER_APPICON_NAME = AppIcon;
				INFOPLIST_FILE = RuntimeDemo1/Info.plist;
				LD_RUNPATH_SEARCH_PATHS = "$(inherited) @executable_path/Frameworks";
				PRODUCT_BUNDLE_IDENTIFIER = com.1yd.RuntimeDemo1;
				PRODUCT_NAME = "$(TARGET_NAME)";
			};
			name = Release;
		};
		9956EFBE1C85350B0048D87C /* Debug */ = {
			isa = XCBuildConfiguration;
			buildSettings = {
				BUNDLE_LOADER = "$(TEST_HOST)";
				INFOPLIST_FILE = RuntimeDemo1Tests/Info.plist;
				LD_RUNPATH_SEARCH_PATHS = "$(inherited) @executable_path/Frameworks @loader_path/Frameworks";
				PRODUCT_BUNDLE_IDENTIFIER = com.1yd.RuntimeDemo1Tests;
				PRODUCT_NAME = "$(TARGET_NAME)";
				TEST_HOST = "$(BUILT_PRODUCTS_DIR)/RuntimeDemo1.app/RuntimeDemo1";
			};
			name = Debug;
		};
		9956EFBF1C85350B0048D87C /* Release */ = {
			isa = XCBuildConfiguration;
			buildSettings = {
				BUNDLE_LOADER = "$(TEST_HOST)";
				INFOPLIST_FILE = RuntimeDemo1Tests/Info.plist;
				LD_RUNPATH_SEARCH_PATHS = "$(inherited) @executable_path/Frameworks @loader_path/Frameworks";
				PRODUCT_BUNDLE_IDENTIFIER = com.1yd.RuntimeDemo1Tests;
				PRODUCT_NAME = "$(TARGET_NAME)";
				TEST_HOST = "$(BUILT_PRODUCTS_DIR)/RuntimeDemo1.app/RuntimeDemo1";
			};
			name = Release;
		};
		9956EFC11C85350B0048D87C /* Debug */ = {
			isa = XCBuildConfiguration;
			buildSettings = {
				INFOPLIST_FILE = RuntimeDemo1UITests/Info.plist;
				LD_RUNPATH_SEARCH_PATHS = "$(inherited) @executable_path/Frameworks @loader_path/Frameworks";
				PRODUCT_BUNDLE_IDENTIFIER = com.1yd.RuntimeDemo1UITests;
				PRODUCT_NAME = "$(TARGET_NAME)";
				TEST_TARGET_NAME = RuntimeDemo1;
				USES_XCTRUNNER = YES;
			};
			name = Debug;
		};
		9956EFC21C85350B0048D87C /* Release */ = {
			isa = XCBuildConfiguration;
			buildSettings = {
				INFOPLIST_FILE = RuntimeDemo1UITests/Info.plist;
				LD_RUNPATH_SEARCH_PATHS = "$(inherited) @executable_path/Frameworks @loader_path/Frameworks";
				PRODUCT_BUNDLE_IDENTIFIER = com.1yd.RuntimeDemo1UITests;
				PRODUCT_NAME = "$(TARGET_NAME)";
				TEST_TARGET_NAME = RuntimeDemo1;
				USES_XCTRUNNER = YES;
			};
			name = Release;
		};
/* End XCBuildConfiguration section */

/* Begin XCConfigurationList section */
		9956EF881C85350B0048D87C /* Build configuration list for PBXProject "RuntimeDemo1" */ = {
			isa = XCConfigurationList;
			buildConfigurations = (
				9956EFB81C85350B0048D87C /* Debug */,
				9956EFB91C85350B0048D87C /* Release */,
			);
			defaultConfigurationIsVisible = 0;
			defaultConfigurationName = Release;
		};
		9956EFBA1C85350B0048D87C /* Build configuration list for PBXNativeTarget "RuntimeDemo1" */ = {
			isa = XCConfigurationList;
			buildConfigurations = (
				9956EFBB1C85350B0048D87C /* Debug */,
				9956EFBC1C85350B0048D87C /* Release */,
			);
			defaultConfigurationIsVisible = 0;
		};
		9956EFBD1C85350B0048D87C /* Build configuration list for PBXNativeTarget "RuntimeDemo1Tests" */ = {
			isa = XCConfigurationList;
			buildConfigurations = (
				9956EFBE1C85350B0048D87C /* Debug */,
				9956EFBF1C85350B0048D87C /* Release */,
			);
			defaultConfigurationIsVisible = 0;
		};
		9956EFC01C85350B0048D87C /* Build configuration list for PBXNativeTarget "RuntimeDemo1UITests" */ = {
			isa = XCConfigurationList;
			buildConfigurations = (
				9956EFC11C85350B0048D87C /* Debug */,
				9956EFC21C85350B0048D87C /* Release */,
			);
			defaultConfigurationIsVisible = 0;
		};
/* End XCConfigurationList section */
	};
	rootObject = 9956EF851C85350B0048D87C /* Project object */;
}
